{
  "name": "clase33.ultimoproyecto",
  "version": "1.0.0",
  "lockfileVersion": 2,
  "requires": true,
  "packages": {
    "": {
      "name": "clase33.ultimoproyecto",
      "version": "1.0.0",
      "license": "ISC",
      "dependencies": {
        "sumadorcoder5510": "^0.1.1"
      }
    },
    "node_modules/sumadorcoder5510": {
      "version": "0.1.1",
      "resolved": "https://registry.npmjs.org/sumadorcoder5510/-/sumadorcoder5510-0.1.1.tgz",
      "integrity": "sha512-7aNYfFAdUlZ2qENwecOQWWLuMPttJUJ1818I+QPTWDafope4qmF8BQw2k1z+laGgOCX9yJEyFosrJTUIN8HfjA=="
    }
  },
  "dependencies": {
    "sumadorcoder5510": {
      "version": "0.1.1",
      "resolved": "https://registry.npmjs.org/sumadorcoder5510/-/sumadorcoder5510-0.1.1.tgz",
      "integrity": "sha512-7aNYfFAdUlZ2qENwecOQWWLuMPttJUJ1818I+QPTWDafope4qmF8BQw2k1z+laGgOCX9yJEyFosrJTUIN8HfjA=="
    }
  }
}
